
Microsoft Visual Studio Solution File, Format Version 12.00
# Visual Studio 2012
Project("{FAE04EC0-301F-11D3-BF4B-00C04F79EFBC}") = "Wp7HttpClientPcl.Core", "Wp7HttpClientPcl.Core\Wp7HttpClientPcl.Core.csproj", "{17934BF1-EE1D-4C34-B4D7-C27A4AB5A378}"
EndProject
Project("{FAE04EC0-301F-11D3-BF4B-00C04F79EFBC}") = "Wp7HttpClientPcl.Wp7", "Wp7HttpClientPcl.Wp7\Wp7HttpClientPcl.Wp7.csproj", "{208FB46A-5562-49A5-966D-A47ADB2D9516}"
EndProject
Project("{FAE04EC0-301F-11D3-BF4B-00C04F79EFBC}") = "Wp7HttpClientPcl.Forms", "Wp7HttpClientPcl.Forms\Wp7HttpClientPcl.Forms.csproj", "{CFB0B402-06B9-4D20-9F73-042CDA41A443}"
EndProject
Project("{2150E333-8FDC-42A3-9474-1A3956D46DE8}") = ".nuget", ".nuget", "{407AE2EE-E73A-4D89-816D-5F88EC5BD698}"
	ProjectSection(SolutionItems) = preProject
		.nuget\NuGet.Config = .nuget\NuGet.Config
		.nuget\NuGet.exe = .nuget\NuGet.exe
		.nuget\NuGet.targets = .nuget\NuGet.targets
	EndProjectSection
EndProject
Project("{FAE04EC0-301F-11D3-BF4B-00C04F79EFBC}") = "Wp7HttpClientPcl.WinRT", "Wp7HttpClientPcl.WinRT\Wp7HttpClientPcl.WinRT.csproj", "{086B8193-E96C-4A3B-A10F-9C932E4A07C3}"
EndProject
Project("{FAE04EC0-301F-11D3-BF4B-00C04F79EFBC}") = "Wp7HttpClientPcl.SL5", "Wp7HttpClientPcl.SL5\Wp7HttpClientPcl.SL5.csproj", "{7B8DC0C1-E3A8-4B32-8F97-FA1BFE9B0268}"
EndProject
Project("{FAE04EC0-301F-11D3-BF4B-00C04F79EFBC}") = "Wp7HttpClientPcl.SL5.Web", "Wp7HttpClientPcl.SL5.Web\Wp7HttpClientPcl.SL5.Web.csproj", "{443ECD52-B174-4A7B-AE11-BDC2296CA4DB}"
EndProject
Global
	GlobalSection(SolutionConfigurationPlatforms) = preSolution
		Debug|Any CPU = Debug|Any CPU
		Debug|ARM = Debug|ARM
		Debug|x64 = Debug|x64
		Debug|x86 = Debug|x86
		Release|Any CPU = Release|Any CPU
		Release|ARM = Release|ARM
		Release|x64 = Release|x64
		Release|x86 = Release|x86
	EndGlobalSection
	GlobalSection(ProjectConfigurationPlatforms) = postSolution
		{17934BF1-EE1D-4C34-B4D7-C27A4AB5A378}.Debug|Any CPU.ActiveCfg = Debug|Any CPU
		{17934BF1-EE1D-4C34-B4D7-C27A4AB5A378}.Debug|Any CPU.Build.0 = Debug|Any CPU
		{17934BF1-EE1D-4C34-B4D7-C27A4AB5A378}.Debug|ARM.ActiveCfg = Debug|Any CPU
		{17934BF1-EE1D-4C34-B4D7-C27A4AB5A378}.Debug|x64.ActiveCfg = Debug|Any CPU
		{17934BF1-EE1D-4C34-B4D7-C27A4AB5A378}.Debug|x86.ActiveCfg = Debug|Any CPU
		{17934BF1-EE1D-4C34-B4D7-C27A4AB5A378}.Release|Any CPU.ActiveCfg = Release|Any CPU
		{17934BF1-EE1D-4C34-B4D7-C27A4AB5A378}.Release|Any CPU.Build.0 = Release|Any CPU
		{17934BF1-EE1D-4C34-B4D7-C27A4AB5A378}.Release|ARM.ActiveCfg = Release|Any CPU
		{17934BF1-EE1D-4C34-B4D7-C27A4AB5A378}.Release|x64.ActiveCfg = Release|Any CPU
		{17934BF1-EE1D-4C34-B4D7-C27A4AB5A378}.Release|x86.ActiveCfg = Release|Any CPU
		{208FB46A-5562-49A5-966D-A47ADB2D9516}.Debug|Any CPU.ActiveCfg = Debug|Any CPU
		{208FB46A-5562-49A5-966D-A47ADB2D9516}.Debug|Any CPU.Build.0 = Debug|Any CPU
		{208FB46A-5562-49A5-966D-A47ADB2D9516}.Debug|Any CPU.Deploy.0 = Debug|Any CPU
		{208FB46A-5562-49A5-966D-A47ADB2D9516}.Debug|ARM.ActiveCfg = Debug|Any CPU
		{208FB46A-5562-49A5-966D-A47ADB2D9516}.Debug|x64.ActiveCfg = Debug|Any CPU
		{208FB46A-5562-49A5-966D-A47ADB2D9516}.Debug|x86.ActiveCfg = Debug|Any CPU
		{208FB46A-5562-49A5-966D-A47ADB2D9516}.Release|Any CPU.ActiveCfg = Release|Any CPU
		{208FB46A-5562-49A5-966D-A47ADB2D9516}.Release|Any CPU.Build.0 = Release|Any CPU
		{208FB46A-5562-49A5-966D-A47ADB2D9516}.Release|Any CPU.Deploy.0 = Release|Any CPU
		{208FB46A-5562-49A5-966D-A47ADB2D9516}.Release|ARM.ActiveCfg = Release|Any CPU
		{208FB46A-5562-49A5-966D-A47ADB2D9516}.Release|x64.ActiveCfg = Release|Any CPU
		{208FB46A-5562-49A5-966D-A47ADB2D9516}.Release|x86.ActiveCfg = Release|Any CPU
		{CFB0B402-06B9-4D20-9F73-042CDA41A443}.Debug|Any CPU.ActiveCfg = Debug|Any CPU
		{CFB0B402-06B9-4D20-9F73-042CDA41A443}.Debug|Any CPU.Build.0 = Debug|Any CPU
		{CFB0B402-06B9-4D20-9F73-042CDA41A443}.Debug|ARM.ActiveCfg = Debug|Any CPU
		{CFB0B402-06B9-4D20-9F73-042CDA41A443}.Debug|x64.ActiveCfg = Debug|Any CPU
		{CFB0B402-06B9-4D20-9F73-042CDA41A443}.Debug|x86.ActiveCfg = Debug|Any CPU
		{CFB0B402-06B9-4D20-9F73-042CDA41A443}.Release|Any CPU.ActiveCfg = Release|Any CPU
		{CFB0B402-06B9-4D20-9F73-042CDA41A443}.Release|Any CPU.Build.0 = Release|Any CPU
		{CFB0B402-06B9-4D20-9F73-042CDA41A443}.Release|ARM.ActiveCfg = Release|Any CPU
		{CFB0B402-06B9-4D20-9F73-042CDA41A443}.Release|x64.ActiveCfg = Release|Any CPU
		{CFB0B402-06B9-4D20-9F73-042CDA41A443}.Release|x86.ActiveCfg = Release|Any CPU
		{086B8193-E96C-4A3B-A10F-9C932E4A07C3}.Debug|Any CPU.ActiveCfg = Debug|Any CPU
		{086B8193-E96C-4A3B-A10F-9C932E4A07C3}.Debug|Any CPU.Build.0 = Debug|Any CPU
		{086B8193-E96C-4A3B-A10F-9C932E4A07C3}.Debug|Any CPU.Deploy.0 = Debug|Any CPU
		{086B8193-E96C-4A3B-A10F-9C932E4A07C3}.Debug|ARM.ActiveCfg = Debug|ARM
		{086B8193-E96C-4A3B-A10F-9C932E4A07C3}.Debug|ARM.Build.0 = Debug|ARM
		{086B8193-E96C-4A3B-A10F-9C932E4A07C3}.Debug|ARM.Deploy.0 = Debug|ARM
		{086B8193-E96C-4A3B-A10F-9C932E4A07C3}.Debug|x64.ActiveCfg = Debug|x64
		{086B8193-E96C-4A3B-A10F-9C932E4A07C3}.Debug|x64.Build.0 = Debug|x64
		{086B8193-E96C-4A3B-A10F-9C932E4A07C3}.Debug|x64.Deploy.0 = Debug|x64
		{086B8193-E96C-4A3B-A10F-9C932E4A07C3}.Debug|x86.ActiveCfg = Debug|x86
		{086B8193-E96C-4A3B-A10F-9C932E4A07C3}.Debug|x86.Build.0 = Debug|x86
		{086B8193-E96C-4A3B-A10F-9C932E4A07C3}.Debug|x86.Deploy.0 = Debug|x86
		{086B8193-E96C-4A3B-A10F-9C932E4A07C3}.Release|Any CPU.ActiveCfg = Release|Any CPU
		{086B8193-E96C-4A3B-A10F-9C932E4A07C3}.Release|Any CPU.Build.0 = Release|Any CPU
		{086B8193-E96C-4A3B-A10F-9C932E4A07C3}.Release|Any CPU.Deploy.0 = Release|Any CPU
		{086B8193-E96C-4A3B-A10F-9C932E4A07C3}.Release|ARM.ActiveCfg = Release|ARM
		{086B8193-E96C-4A3B-A10F-9C932E4A07C3}.Release|ARM.Build.0 = Release|ARM
		{086B8193-E96C-4A3B-A10F-9C932E4A07C3}.Release|ARM.Deploy.0 = Release|ARM
		{086B8193-E96C-4A3B-A10F-9C932E4A07C3}.Release|x64.ActiveCfg = Release|x64
		{086B8193-E96C-4A3B-A10F-9C932E4A07C3}.Release|x64.Build.0 = Release|x64
		{086B8193-E96C-4A3B-A10F-9C932E4A07C3}.Release|x64.Deploy.0 = Release|x64
		{086B8193-E96C-4A3B-A10F-9C932E4A07C3}.Release|x86.ActiveCfg = Release|x86
		{086B8193-E96C-4A3B-A10F-9C932E4A07C3}.Release|x86.Build.0 = Release|x86
		{086B8193-E96C-4A3B-A10F-9C932E4A07C3}.Release|x86.Deploy.0 = Release|x86
		{7B8DC0C1-E3A8-4B32-8F97-FA1BFE9B0268}.Debug|Any CPU.ActiveCfg = Debug|Any CPU
		{7B8DC0C1-E3A8-4B32-8F97-FA1BFE9B0268}.Debug|Any CPU.Build.0 = Debug|Any CPU
		{7B8DC0C1-E3A8-4B32-8F97-FA1BFE9B0268}.Debug|ARM.ActiveCfg = Debug|Any CPU
		{7B8DC0C1-E3A8-4B32-8F97-FA1BFE9B0268}.Debug|x64.ActiveCfg = Debug|Any CPU
		{7B8DC0C1-E3A8-4B32-8F97-FA1BFE9B0268}.Debug|x86.ActiveCfg = Debug|Any CPU
		{7B8DC0C1-E3A8-4B32-8F97-FA1BFE9B0268}.Release|Any CPU.ActiveCfg = Release|Any CPU
		{7B8DC0C1-E3A8-4B32-8F97-FA1BFE9B0268}.Release|Any CPU.Build.0 = Release|Any CPU
		{7B8DC0C1-E3A8-4B32-8F97-FA1BFE9B0268}.Release|ARM.ActiveCfg = Release|Any CPU
		{7B8DC0C1-E3A8-4B32-8F97-FA1BFE9B0268}.Release|x64.ActiveCfg = Release|Any CPU
		{7B8DC0C1-E3A8-4B32-8F97-FA1BFE9B0268}.Release|x86.ActiveCfg = Release|Any CPU
		{443ECD52-B174-4A7B-AE11-BDC2296CA4DB}.Debug|Any CPU.ActiveCfg = Debug|Any CPU
		{443ECD52-B174-4A7B-AE11-BDC2296CA4DB}.Debug|Any CPU.Build.0 = Debug|Any CPU
		{443ECD52-B174-4A7B-AE11-BDC2296CA4DB}.Debug|ARM.ActiveCfg = Debug|Any CPU
		{443ECD52-B174-4A7B-AE11-BDC2296CA4DB}.Debug|x64.ActiveCfg = Debug|Any CPU
		{443ECD52-B174-4A7B-AE11-BDC2296CA4DB}.Debug|x86.ActiveCfg = Debug|Any CPU
		{443ECD52-B174-4A7B-AE11-BDC2296CA4DB}.Release|Any CPU.ActiveCfg = Release|Any CPU
		{443ECD52-B174-4A7B-AE11-BDC2296CA4DB}.Release|Any CPU.Build.0 = Release|Any CPU
		{443ECD52-B174-4A7B-AE11-BDC2296CA4DB}.Release|ARM.ActiveCfg = Release|Any CPU
		{443ECD52-B174-4A7B-AE11-BDC2296CA4DB}.Release|x64.ActiveCfg = Release|Any CPU
		{443ECD52-B174-4A7B-AE11-BDC2296CA4DB}.Release|x86.ActiveCfg = Release|Any CPU
	EndGlobalSection
	GlobalSection(SolutionProperties) = preSolution
		HideSolutionNode = FALSE
	EndGlobalSection
EndGlobal
